
Microsoft Visual Studio Solution File, Format Version 12.00
# Visual Studio 14
VisualStudioVersion = 14.0.23107.0
MinimumVisualStudioVersion = 10.0.40219.1
Project("{FAE04EC0-301F-11D3-BF4B-00C04F79EFBC}") = "Sitecore.Modules.PatchableIgnoreList", "Sitecore.Modules.PatchableIgnoreList\Sitecore.Modules.PatchableIgnoreList.csproj", "{A44444BB-5517-451A-9B03-B96DA917C539}"
EndProject
Project("{FAE04EC0-301F-11D3-BF4B-00C04F79EFBC}") = "Sitecore.Modules.PatchableIgnoreList.Tests", "Sitecore.Modules.PatchableIgnoreList.Tests\Sitecore.Modules.PatchableIgnoreList.Tests.csproj", "{B8881040-3E96-47D4-957A-6A53809D0090}"
EndProject
Global
	GlobalSection(SolutionConfigurationPlatforms) = preSolution
		Debug|Any CPU = Debug|Any CPU
		Release|Any CPU = Release|Any CPU
	EndGlobalSection
	GlobalSection(ProjectConfigurationPlatforms) = postSolution
		{A44444BB-5517-451A-9B03-B96DA917C539}.Debug|Any CPU.ActiveCfg = Debug|Any CPU
		{A44444BB-5517-451A-9B03-B96DA917C539}.Debug|Any CPU.Build.0 = Debug|Any CPU
		{A44444BB-5517-451A-9B03-B96DA917C539}.Release|Any CPU.ActiveCfg = Release|Any CPU
		{A44444BB-5517-451A-9B03-B96DA917C539}.Release|Any CPU.Build.0 = Release|Any CPU
		{B8881040-3E96-47D4-957A-6A53809D0090}.Debug|Any CPU.ActiveCfg = Debug|Any CPU
		{B8881040-3E96-47D4-957A-6A53809D0090}.Debug|Any CPU.Build.0 = Debug|Any CPU
		{B8881040-3E96-47D4-957A-6A53809D0090}.Release|Any CPU.ActiveCfg = Release|Any CPU
		{B8881040-3E96-47D4-957A-6A53809D0090}.Release|Any CPU.Build.0 = Release|Any CPU
	EndGlobalSection
	GlobalSection(SolutionProperties) = preSolution
		HideSolutionNode = FALSE
	EndGlobalSection
EndGlobal
